
Microsoft Visual Studio Solution File, Format Version 12.00
# Visual Studio 2012
Project("{8BC9CEB8-8B4A-11D0-8D11-00A0C91BC942}") = "floyd", "floyd.vcxproj", "{D108C070-ABD5-4DD2-8836-D6886D2946A1}"
EndProject
Project("{8BC9CEB8-8B4A-11D0-8D11-00A0C91BC942}") = "Scripts", "Scripts\Scripts.vcxproj", "{AEEC76B8-68C6-4310-9282-F58A535B1095}"
EndProject
Project("{8BC9CEB8-8B4A-11D0-8D11-00A0C91BC942}") = "Graphics", "..\Graphics\Graphics.vcxproj", "{55590B61-777D-43AD-91B4-9E5B65B4A851}"
EndProject
Global
	GlobalSection(SolutionConfigurationPlatforms) = preSolution
		Debug|Win32 = Debug|Win32
		Release|Win32 = Release|Win32
	EndGlobalSection
	GlobalSection(ProjectConfigurationPlatforms) = postSolution
		{D108C070-ABD5-4DD2-8836-D6886D2946A1}.Debug|Win32.ActiveCfg = Debug|Win32
		{D108C070-ABD5-4DD2-8836-D6886D2946A1}.Debug|Win32.Build.0 = Debug|Win32
		{D108C070-ABD5-4DD2-8836-D6886D2946A1}.Release|Win32.ActiveCfg = Release|Win32
		{D108C070-ABD5-4DD2-8836-D6886D2946A1}.Release|Win32.Build.0 = Release|Win32
		{AEEC76B8-68C6-4310-9282-F58A535B1095}.Debug|Win32.ActiveCfg = Debug|Win32
		{AEEC76B8-68C6-4310-9282-F58A535B1095}.Debug|Win32.Build.0 = Debug|Win32
		{AEEC76B8-68C6-4310-9282-F58A535B1095}.Release|Win32.ActiveCfg = Release|Win32
		{AEEC76B8-68C6-4310-9282-F58A535B1095}.Release|Win32.Build.0 = Release|Win32
		{55590B61-777D-43AD-91B4-9E5B65B4A851}.Debug|Win32.ActiveCfg = Debug|Win32
		{55590B61-777D-43AD-91B4-9E5B65B4A851}.Debug|Win32.Build.0 = Debug|Win32
		{55590B61-777D-43AD-91B4-9E5B65B4A851}.Release|Win32.ActiveCfg = Release|Win32
		{55590B61-777D-43AD-91B4-9E5B65B4A851}.Release|Win32.Build.0 = Release|Win32
	EndGlobalSection
	GlobalSection(SolutionProperties) = preSolution
		HideSolutionNode = FALSE
	EndGlobalSection
EndGlobal
