
Microsoft Visual Studio Solution File, Format Version 12.00
# Visual Studio 2012
Project("{8BC9CEB8-8B4A-11D0-8D11-00A0C91BC942}") = "floyd", "floyd.vcxproj", "{D108C070-ABD5-4DD2-8836-D6886D2946A1}"
EndProject
Project("{8BC9CEB8-8B4A-11D0-8D11-00A0C91BC942}") = "Floyd_Geometry", "Floyd_Geometry\Floyd_Geometry.vcxproj", "{DDB06FAD-98DF-49A0-84FF-80CB949C258C}"
EndProject
Project("{8BC9CEB8-8B4A-11D0-8D11-00A0C91BC942}") = "Floyd_Graphics", "Floyd_Graphics\Floyd_Graphics.vcxproj", "{AF4A63E7-3A6E-44E8-89BC-C64A36ED8452}"
EndProject
Project("{8BC9CEB8-8B4A-11D0-8D11-00A0C91BC942}") = "Floyd_Scripts", "Floyd_Scripts\Floyd_Scripts.vcxproj", "{435FDE9C-5DBF-4F23-ABFC-1CDA9B86F7EB}"
EndProject
Project("{8BC9CEB8-8B4A-11D0-8D11-00A0C91BC942}") = "Floyd_Level", "Floyd_Level\Floyd_Level.vcxproj", "{399EEA45-0068-4DAD-AED0-F5CA68839821}"
EndProject
Project("{8BC9CEB8-8B4A-11D0-8D11-00A0C91BC942}") = "Floyd_ECS", "Floyd_ECS\Floyd_ECS.vcxproj", "{F78DF942-0E59-4E38-AFEF-6259A3D67F42}"
EndProject
Project("{8BC9CEB8-8B4A-11D0-8D11-00A0C91BC942}") = "Floyd_GUI", "Floyd_GUI\Floyd_GUI.vcxproj", "{F0D67B6C-0404-4455-A741-C2250F6551B4}"
EndProject
Project("{8BC9CEB8-8B4A-11D0-8D11-00A0C91BC942}") = "Floyd_General", "Floyd_General\Floyd_General.vcxproj", "{70418A02-D897-44DA-9AD3-4EDF18302EA7}"
EndProject
Global
	GlobalSection(SolutionConfigurationPlatforms) = preSolution
		Debug|Win32 = Debug|Win32
		Release|Win32 = Release|Win32
	EndGlobalSection
	GlobalSection(ProjectConfigurationPlatforms) = postSolution
		{D108C070-ABD5-4DD2-8836-D6886D2946A1}.Debug|Win32.ActiveCfg = Debug|Win32
		{D108C070-ABD5-4DD2-8836-D6886D2946A1}.Debug|Win32.Build.0 = Debug|Win32
		{D108C070-ABD5-4DD2-8836-D6886D2946A1}.Release|Win32.ActiveCfg = Release|Win32
		{D108C070-ABD5-4DD2-8836-D6886D2946A1}.Release|Win32.Build.0 = Release|Win32
		{DDB06FAD-98DF-49A0-84FF-80CB949C258C}.Debug|Win32.ActiveCfg = Debug|Win32
		{DDB06FAD-98DF-49A0-84FF-80CB949C258C}.Debug|Win32.Build.0 = Debug|Win32
		{DDB06FAD-98DF-49A0-84FF-80CB949C258C}.Release|Win32.ActiveCfg = Release|Win32
		{DDB06FAD-98DF-49A0-84FF-80CB949C258C}.Release|Win32.Build.0 = Release|Win32
		{AF4A63E7-3A6E-44E8-89BC-C64A36ED8452}.Debug|Win32.ActiveCfg = Debug|Win32
		{AF4A63E7-3A6E-44E8-89BC-C64A36ED8452}.Debug|Win32.Build.0 = Debug|Win32
		{AF4A63E7-3A6E-44E8-89BC-C64A36ED8452}.Release|Win32.ActiveCfg = Release|Win32
		{AF4A63E7-3A6E-44E8-89BC-C64A36ED8452}.Release|Win32.Build.0 = Release|Win32
		{435FDE9C-5DBF-4F23-ABFC-1CDA9B86F7EB}.Debug|Win32.ActiveCfg = Debug|Win32
		{435FDE9C-5DBF-4F23-ABFC-1CDA9B86F7EB}.Debug|Win32.Build.0 = Debug|Win32
		{435FDE9C-5DBF-4F23-ABFC-1CDA9B86F7EB}.Release|Win32.ActiveCfg = Release|Win32
		{435FDE9C-5DBF-4F23-ABFC-1CDA9B86F7EB}.Release|Win32.Build.0 = Release|Win32
		{399EEA45-0068-4DAD-AED0-F5CA68839821}.Debug|Win32.ActiveCfg = Debug|Win32
		{399EEA45-0068-4DAD-AED0-F5CA68839821}.Debug|Win32.Build.0 = Debug|Win32
		{399EEA45-0068-4DAD-AED0-F5CA68839821}.Release|Win32.ActiveCfg = Release|Win32
		{399EEA45-0068-4DAD-AED0-F5CA68839821}.Release|Win32.Build.0 = Release|Win32
		{F78DF942-0E59-4E38-AFEF-6259A3D67F42}.Debug|Win32.ActiveCfg = Debug|Win32
		{F78DF942-0E59-4E38-AFEF-6259A3D67F42}.Debug|Win32.Build.0 = Debug|Win32
		{F78DF942-0E59-4E38-AFEF-6259A3D67F42}.Release|Win32.ActiveCfg = Release|Win32
		{F78DF942-0E59-4E38-AFEF-6259A3D67F42}.Release|Win32.Build.0 = Release|Win32
		{F0D67B6C-0404-4455-A741-C2250F6551B4}.Debug|Win32.ActiveCfg = Debug|Win32
		{F0D67B6C-0404-4455-A741-C2250F6551B4}.Debug|Win32.Build.0 = Debug|Win32
		{F0D67B6C-0404-4455-A741-C2250F6551B4}.Release|Win32.ActiveCfg = Release|Win32
		{F0D67B6C-0404-4455-A741-C2250F6551B4}.Release|Win32.Build.0 = Release|Win32
		{70418A02-D897-44DA-9AD3-4EDF18302EA7}.Debug|Win32.ActiveCfg = Debug|Win32
		{70418A02-D897-44DA-9AD3-4EDF18302EA7}.Debug|Win32.Build.0 = Debug|Win32
		{70418A02-D897-44DA-9AD3-4EDF18302EA7}.Release|Win32.ActiveCfg = Release|Win32
		{70418A02-D897-44DA-9AD3-4EDF18302EA7}.Release|Win32.Build.0 = Release|Win32
	EndGlobalSection
	GlobalSection(SolutionProperties) = preSolution
		HideSolutionNode = FALSE
	EndGlobalSection
EndGlobal
